
Microsoft Visual Studio Solution File, Format Version 12.00
# Visual Studio Version 17
VisualStudioVersion = 17.6.33829.357
MinimumVisualStudioVersion = 10.0.40219.1
Project("{FAE04EC0-301F-11D3-BF4B-00C04F79EFBC}") = "drawing app", "drawing app\drawing app.csproj", "{2DFB4358-4A55-490F-9309-A6642B4F9339}"
EndProject
Global
	GlobalSection(SolutionConfigurationPlatforms) = preSolution
		Debug|Any CPU = Debug|Any CPU
		Release|Any CPU = Release|Any CPU
	EndGlobalSection
	GlobalSection(ProjectConfigurationPlatforms) = postSolution
		{2DFB4358-4A55-490F-9309-A6642B4F9339}.Debug|Any CPU.ActiveCfg = Debug|Any CPU
		{2DFB4358-4A55-490F-9309-A6642B4F9339}.Debug|Any CPU.Build.0 = Debug|Any CPU
		{2DFB4358-4A55-490F-9309-A6642B4F9339}.Release|Any CPU.ActiveCfg = Release|Any CPU
		{2DFB4358-4A55-490F-9309-A6642B4F9339}.Release|Any CPU.Build.0 = Release|Any CPU
	EndGlobalSection
	GlobalSection(SolutionProperties) = preSolution
		HideSolutionNode = FALSE
	EndGlobalSection
	GlobalSection(ExtensibilityGlobals) = postSolution
		SolutionGuid = {61204B61-8729-4E7D-AA06-C701705BF512}
	EndGlobalSection
EndGlobal
